
Microsoft Visual Studio Solution File, Format Version 12.00
# Visual Studio Version 16
VisualStudioVersion = 16.0.31019.35
MinimumVisualStudioVersion = 10.0.40219.1
Project("{FAE04EC0-301F-11D3-BF4B-00C04F79EFBC}") = "Einsendeaufgabe3.1", "Einsendeaufgabe3.1\Einsendeaufgabe3.1.csproj", "{00EDAEFC-00E1-45CE-9FE9-861128F6E506}"
EndProject
Global
	GlobalSection(SolutionConfigurationPlatforms) = preSolution
		Debug|Any CPU = Debug|Any CPU
		Release|Any CPU = Release|Any CPU
	EndGlobalSection
	GlobalSection(ProjectConfigurationPlatforms) = postSolution
		{00EDAEFC-00E1-45CE-9FE9-861128F6E506}.Debug|Any CPU.ActiveCfg = Debug|Any CPU
		{00EDAEFC-00E1-45CE-9FE9-861128F6E506}.Debug|Any CPU.Build.0 = Debug|Any CPU
		{00EDAEFC-00E1-45CE-9FE9-861128F6E506}.Release|Any CPU.ActiveCfg = Release|Any CPU
		{00EDAEFC-00E1-45CE-9FE9-861128F6E506}.Release|Any CPU.Build.0 = Release|Any CPU
	EndGlobalSection
	GlobalSection(SolutionProperties) = preSolution
		HideSolutionNode = FALSE
	EndGlobalSection
	GlobalSection(ExtensibilityGlobals) = postSolution
		SolutionGuid = {0C8E3B48-15CE-4389-AF93-050C36C53B72}
	EndGlobalSection
EndGlobal
